
Microsoft Visual Studio Solution File, Format Version 12.00
# Visual Studio Version 17
VisualStudioVersion = 17.14.36408.4 d17.14
MinimumVisualStudioVersion = 10.0.40219.1
Project("{FAE04EC0-301F-11D3-BF4B-00C04F79EFBC}") = "BaiTapThietKeForm", "BaiTapThietKeForm\BaiTapThietKeForm.csproj", "{D6AE33CF-9B6F-4C8A-A51C-D3265DFABC7B}"
EndProject
Global
	GlobalSection(SolutionConfigurationPlatforms) = preSolution
		Debug|Any CPU = Debug|Any CPU
		Release|Any CPU = Release|Any CPU
	EndGlobalSection
	GlobalSection(ProjectConfigurationPlatforms) = postSolution
		{D6AE33CF-9B6F-4C8A-A51C-D3265DFABC7B}.Debug|Any CPU.ActiveCfg = Debug|Any CPU
		{D6AE33CF-9B6F-4C8A-A51C-D3265DFABC7B}.Debug|Any CPU.Build.0 = Debug|Any CPU
		{D6AE33CF-9B6F-4C8A-A51C-D3265DFABC7B}.Release|Any CPU.ActiveCfg = Release|Any CPU
		{D6AE33CF-9B6F-4C8A-A51C-D3265DFABC7B}.Release|Any CPU.Build.0 = Release|Any CPU
	EndGlobalSection
	GlobalSection(SolutionProperties) = preSolution
		HideSolutionNode = FALSE
	EndGlobalSection
	GlobalSection(ExtensibilityGlobals) = postSolution
		SolutionGuid = {B61D4910-4735-491B-9E3A-0BA1DE5243C9}
	EndGlobalSection
EndGlobal
